{
  "version": "5",
  "remote": {
    "https://edge.netlify.com/": "fd941d61d88673d5f28aab283fb86fcc50f08a3bc80ee5470498fcfa88c65cfb",
    "https://edge.netlify.com/bootstrap/config.ts": "6a2ce0e544e15e8f8883a5c18da5948e37fd0f2619f68cb31f3af53c51817025",
    "https://edge.netlify.com/bootstrap/context.ts": "e97240232121e2f369f6546ce961490f34d961ea1ea54be3ff09633e3f08373f",
    "https://edge.netlify.com/bootstrap/cookie.ts": "8b0baae708989ca183c6f3b4ab3d029e6abcbc2e43f93edeb0ff447b3bbc3a05",
    "https://edge.netlify.com/bootstrap/edge_function.ts": "b8253e86aa83c67341f5cfedeba5049d77fbf84dcab7eceff7566b7728ae9b39",
    "https://edge.netlify.com/bootstrap/globals/types.ts": "eaa6148ded3121d8dee62dd91c86e7fe76601df0f3ca8d7962243a30f4c8935f"
  },
  "workspace": {
    "packageJson": {
      "dependencies": [
        "npm:@babel/core@^7.16.0",
        "npm:@babel/plugin-proposal-private-property-in-object@^7.21.11",
        "npm:@datastax/astra-db-ts@^2.0.0-rc.1",
        "npm:@emotion/react@^11.13.0",
        "npm:@emotion/styled@^11.13.0",
        "npm:@mui/material@^5.16.5",
        "npm:@pmmmwh/react-refresh-webpack-plugin@~0.5.3",
        "npm:@svgr/webpack@^5.5.0",
        "npm:@testing-library/jest-dom@^5.17.0",
        "npm:@testing-library/react@^13.4.0",
        "npm:@testing-library/user-event@^13.5.0",
        "npm:@types/animejs@^3.1.13",
        "npm:@types/jest@^27.5.2",
        "npm:@types/node@^16.18.104",
        "npm:@types/react-dom@^18.3.0",
        "npm:@types/react@^18.3.3",
        "npm:animejs@^4.0.1",
        "npm:axios@^1.9.0",
        "npm:babel-jest@^27.4.2",
        "npm:babel-loader@^8.2.3",
        "npm:babel-plugin-named-asset-import@~0.3.8",
        "npm:babel-preset-react-app@^10.0.1",
        "npm:bfj@^7.0.2",
        "npm:browserslist@^4.18.1",
        "npm:camelcase@^6.2.1",
        "npm:case-sensitive-paths-webpack-plugin@^2.4.0",
        "npm:compression@^1.8.0",
        "npm:concurrently@^8.2.2",
        "npm:cors@^2.8.5",
        "npm:css-loader@^6.5.1",
        "npm:css-minimizer-webpack-plugin@^3.2.0",
        "npm:csv-parser@^3.2.0",
        "npm:dotenv-expand@^5.1.0",
        "npm:dotenv@10",
        "npm:dotenv@^16.5.0",
        "npm:eslint-config-react-app@^7.0.1",
        "npm:eslint-webpack-plugin@^3.1.1",
        "npm:eslint@^8.3.0",
        "npm:express@^4.19.2",
        "npm:file-loader@^6.2.0",
        "npm:fs-extra@10",
        "npm:html-webpack-plugin@^5.5.0",
        "npm:http-proxy-middleware@3",
        "npm:identity-obj-proxy@3",
        "npm:jest-resolve@^27.4.2",
        "npm:jest-watch-typeahead@1",
        "npm:jest@^27.4.3",
        "npm:jest@^29.7.0",
        "npm:mini-css-extract-plugin@^2.4.5",
        "npm:node-gzip@^1.1.2",
        "npm:openai@^6.9.1",
        "npm:postcss-flexbugs-fixes@^5.0.2",
        "npm:postcss-loader@^6.2.1",
        "npm:postcss-normalize@^10.0.1",
        "npm:postcss-preset-env@^7.0.1",
        "npm:postcss@^8.4.4",
        "npm:prompts@^2.4.2",
        "npm:react-app-polyfill@3",
        "npm:react-dev-utils@^12.0.1",
        "npm:react-dom@^18.3.1",
        "npm:react-refresh@0.11",
        "npm:react-router-dom@^7.5.0",
        "npm:react@^18.3.1",
        "npm:resolve-url-loader@4",
        "npm:resolve@^1.20.0",
        "npm:sass-loader@^12.3.0",
        "npm:sass@^1.87.0",
        "npm:semver@^7.3.5",
        "npm:source-map-loader@3",
        "npm:style-loader@^3.3.1",
        "npm:supertest@^6.3.3",
        "npm:tailwindcss@^3.0.2",
        "npm:terser-webpack-plugin@^5.2.5",
        "npm:typescript@^4.9.5",
        "npm:web-vitals@^2.1.4",
        "npm:webpack-dev-server@^4.6.0",
        "npm:webpack-manifest-plugin@^4.0.2",
        "npm:webpack@^5.64.4",
        "npm:workbox-webpack-plugin@^6.4.1",
        "npm:zod@^3.24.3"
      ]
    }
  }
}
